// !$*UTF8*$!
{
	archiveVersion = 1;
	classes = {
	};
	objectVersion = 46;
	objects = {

/* Begin PBXBuildFile section */
		8B554AE21894B0D100FE49D9 /* 256@2x.png in Resources */ = {isa = PBXBuildFile; fileRef = 8B554AE11894B0D100FE49D9 /* 256@2x.png */; };
		8B94AF3B18926B940004C798 /* arrow@2x.png in Resources */ = {isa = PBXBuildFile; fileRef = 8B94AF3A18926B940004C798 /* arrow@2x.png */; };
		8B94AF3D18926F530004C798 /* arrow2@2x.png in Resources */ = {isa = PBXBuildFile; fileRef = 8B94AF3C18926F530004C798 /* arrow2@2x.png */; };
		8BAC4BF2188CD06400F126B6 /* KLRefresh.m in Sources */ = {isa = PBXBuildFile; fileRef = 8BAC4BED188CD06400F126B6 /* KLRefresh.m */; };
		8BAC4BF3188CD06400F126B6 /* KLRefreshFooter.m in Sources */ = {isa = PBXBuildFile; fileRef = 8BAC4BEF188CD06400F126B6 /* KLRefreshFooter.m */; };
		8BAC4BF4188CD06400F126B6 /* KLRefreshHeader.m in Sources */ = {isa = PBXBuildFile; fileRef = 8BAC4BF1188CD06400F126B6 /* KLRefreshHeader.m */; };
		8BC53E1A188930C80036452F /* Foundation.framework in Frameworks */ = {isa = PBXBuildFile; fileRef = 8BC53E19188930C80036452F /* Foundation.framework */; };
		8BC53E1C188930C80036452F /* CoreGraphics.framework in Frameworks */ = {isa = PBXBuildFile; fileRef = 8BC53E1B188930C80036452F /* CoreGraphics.framework */; };
		8BC53E1E188930C80036452F /* UIKit.framework in Frameworks */ = {isa = PBXBuildFile; fileRef = 8BC53E1D188930C80036452F /* UIKit.framework */; };
		8BC53E24188930C80036452F /* InfoPlist.strings in Resources */ = {isa = PBXBuildFile; fileRef = 8BC53E22188930C80036452F /* InfoPlist.strings */; };
		8BC53E26188930C80036452F /* main.m in Sources */ = {isa = PBXBuildFile; fileRef = 8BC53E25188930C80036452F /* main.m */; };
		8BC53E2A188930C80036452F /* KLAppDelegate.m in Sources */ = {isa = PBXBuildFile; fileRef = 8BC53E29188930C80036452F /* KLAppDelegate.m */; };
		8BC53E2C188930C80036452F /* Images.xcassets in Resources */ = {isa = PBXBuildFile; fileRef = 8BC53E2B188930C80036452F /* Images.xcassets */; };
		8BC53E33188930C80036452F /* XCTest.framework in Frameworks */ = {isa = PBXBuildFile; fileRef = 8BC53E32188930C80036452F /* XCTest.framework */; };
		8BC53E34188930C80036452F /* Foundation.framework in Frameworks */ = {isa = PBXBuildFile; fileRef = 8BC53E19188930C80036452F /* Foundation.framework */; };
		8BC53E35188930C80036452F /* UIKit.framework in Frameworks */ = {isa = PBXBuildFile; fileRef = 8BC53E1D188930C80036452F /* UIKit.framework */; };
		8BC53E3D188930C80036452F /* InfoPlist.strings in Resources */ = {isa = PBXBuildFile; fileRef = 8BC53E3B188930C80036452F /* InfoPlist.strings */; };
		8BC53E3F188930C80036452F /* KLRefreshDemoTests.m in Sources */ = {isa = PBXBuildFile; fileRef = 8BC53E3E188930C80036452F /* KLRefreshDemoTests.m */; };
		8BC53E54188930E00036452F /* KLRefreshViewController.m in Sources */ = {isa = PBXBuildFile; fileRef = 8BC53E50188930E00036452F /* KLRefreshViewController.m */; };
/* End PBXBuildFile section */

/* Begin PBXContainerItemProxy section */
		8BC53E36188930C80036452F /* PBXContainerItemProxy */ = {
			isa = PBXContainerItemProxy;
			containerPortal = 8BC53E0E188930C80036452F /* Project object */;
			proxyType = 1;
			remoteGlobalIDString = 8BC53E15188930C80036452F;
			remoteInfo = KLRefreshDemo;
		};
/* End PBXContainerItemProxy section */

/* Begin PBXFileReference section */
		8B554AE11894B0D100FE49D9 /* 256@2x.png */ = {isa = PBXFileReference; lastKnownFileType = image.png; path = "256@2x.png"; sourceTree = "<group>"; };
		8B94AF3A18926B940004C798 /* arrow@2x.png */ = {isa = PBXFileReference; lastKnownFileType = image.png; path = "arrow@2x.png"; sourceTree = "<group>"; };
		8B94AF3C18926F530004C798 /* arrow2@2x.png */ = {isa = PBXFileReference; lastKnownFileType = image.png; path = "arrow2@2x.png"; sourceTree = "<group>"; };
		8BAC4BEC188CD06400F126B6 /* KLRefresh.h */ = {isa = PBXFileReference; fileEncoding = 4; lastKnownFileType = sourcecode.c.h; path = KLRefresh.h; sourceTree = "<group>"; };
		8BAC4BED188CD06400F126B6 /* KLRefresh.m */ = {isa = PBXFileReference; fileEncoding = 4; lastKnownFileType = sourcecode.c.objc; path = KLRefresh.m; sourceTree = "<group>"; };
		8BAC4BEE188CD06400F126B6 /* KLRefreshFooter.h */ = {isa = PBXFileReference; fileEncoding = 4; lastKnownFileType = sourcecode.c.h; path = KLRefreshFooter.h; sourceTree = "<group>"; };
		8BAC4BEF188CD06400F126B6 /* KLRefreshFooter.m */ = {isa = PBXFileReference; fileEncoding = 4; lastKnownFileType = sourcecode.c.objc; path = KLRefreshFooter.m; sourceTree = "<group>"; };
		8BAC4BF0188CD06400F126B6 /* KLRefreshHeader.h */ = {isa = PBXFileReference; fileEncoding = 4; lastKnownFileType = sourcecode.c.h; path = KLRefreshHeader.h; sourceTree = "<group>"; };
		8BAC4BF1188CD06400F126B6 /* KLRefreshHeader.m */ = {isa = PBXFileReference; fileEncoding = 4; lastKnownFileType = sourcecode.c.objc; path = KLRefreshHeader.m; sourceTree = "<group>"; };
		8BC53E16188930C80036452F /* KLRefreshDemo.app */ = {isa = PBXFileReference; explicitFileType = wrapper.application; includeInIndex = 0; path = KLRefreshDemo.app; sourceTree = BUILT_PRODUCTS_DIR; };
		8BC53E19188930C80036452F /* Foundation.framework */ = {isa = PBXFileReference; lastKnownFileType = wrapper.framework; name = Foundation.framework; path = System/Library/Frameworks/Foundation.framework; sourceTree = SDKROOT; };
		8BC53E1B188930C80036452F /* CoreGraphics.framework */ = {isa = PBXFileReference; lastKnownFileType = wrapper.framework; name = CoreGraphics.framework; path = System/Library/Frameworks/CoreGraphics.framework; sourceTree = SDKROOT; };
		8BC53E1D188930C80036452F /* UIKit.framework */ = {isa = PBXFileReference; lastKnownFileType = wrapper.framework; name = UIKit.framework; path = System/Library/Frameworks/UIKit.framework; sourceTree = SDKROOT; };
		8BC53E21188930C80036452F /* KLRefreshDemo-Info.plist */ = {isa = PBXFileReference; lastKnownFileType = text.plist.xml; path = "KLRefreshDemo-Info.plist"; sourceTree = "<group>"; };
		8BC53E23188930C80036452F /* en */ = {isa = PBXFileReference; lastKnownFileType = text.plist.strings; name = en; path = en.lproj/InfoPlist.strings; sourceTree = "<group>"; };
		8BC53E25188930C80036452F /* main.m */ = {isa = PBXFileReference; lastKnownFileType = sourcecode.c.objc; path = main.m; sourceTree = "<group>"; };
		8BC53E27188930C80036452F /* KLRefreshDemo-Prefix.pch */ = {isa = PBXFileReference; lastKnownFileType = sourcecode.c.h; path = "KLRefreshDemo-Prefix.pch"; sourceTree = "<group>"; };
		8BC53E28188930C80036452F /* KLAppDelegate.h */ = {isa = PBXFileReference; lastKnownFileType = sourcecode.c.h; path = KLAppDelegate.h; sourceTree = "<group>"; };
		8BC53E29188930C80036452F /* KLAppDelegate.m */ = {isa = PBXFileReference; lastKnownFileType = sourcecode.c.objc; path = KLAppDelegate.m; sourceTree = "<group>"; };
		8BC53E2B188930C80036452F /* Images.xcassets */ = {isa = PBXFileReference; lastKnownFileType = folder.assetcatalog; path = Images.xcassets; sourceTree = "<group>"; };
		8BC53E31188930C80036452F /* KLRefreshDemoTests.xctest */ = {isa = PBXFileReference; explicitFileType = wrapper.cfbundle; includeInIndex = 0; path = KLRefreshDemoTests.xctest; sourceTree = BUILT_PRODUCTS_DIR; };
		8BC53E32188930C80036452F /* XCTest.framework */ = {isa = PBXFileReference; lastKnownFileType = wrapper.framework; name = XCTest.framework; path = Library/Frameworks/XCTest.framework; sourceTree = DEVELOPER_DIR; };
		8BC53E3A188930C80036452F /* KLRefreshDemoTests-Info.plist */ = {isa = PBXFileReference; lastKnownFileType = text.plist.xml; path = "KLRefreshDemoTests-Info.plist"; sourceTree = "<group>"; };
		8BC53E3C188930C80036452F /* en */ = {isa = PBXFileReference; lastKnownFileType = text.plist.strings; name = en; path = en.lproj/InfoPlist.strings; sourceTree = "<group>"; };
		8BC53E3E188930C80036452F /* KLRefreshDemoTests.m */ = {isa = PBXFileReference; lastKnownFileType = sourcecode.c.objc; path = KLRefreshDemoTests.m; sourceTree = "<group>"; };
		8BC53E4F188930E00036452F /* KLRefreshViewController.h */ = {isa = PBXFileReference; fileEncoding = 4; lastKnownFileType = sourcecode.c.h; path = KLRefreshViewController.h; sourceTree = "<group>"; };
		8BC53E50188930E00036452F /* KLRefreshViewController.m */ = {isa = PBXFileReference; fileEncoding = 4; lastKnownFileType = sourcecode.c.objc; path = KLRefreshViewController.m; sourceTree = "<group>"; };
/* End PBXFileReference section */

/* Begin PBXFrameworksBuildPhase section */
		8BC53E13188930C80036452F /* Frameworks */ = {
			isa = PBXFrameworksBuildPhase;
			buildActionMask = 2147483647;
			files = (
				8BC53E1C188930C80036452F /* CoreGraphics.framework in Frameworks */,
				8BC53E1E188930C80036452F /* UIKit.framework in Frameworks */,
				8BC53E1A188930C80036452F /* Foundation.framework in Frameworks */,
			);
			runOnlyForDeploymentPostprocessing = 0;
		};
		8BC53E2E188930C80036452F /* Frameworks */ = {
			isa = PBXFrameworksBuildPhase;
			buildActionMask = 2147483647;
			files = (
				8BC53E33188930C80036452F /* XCTest.framework in Frameworks */,
				8BC53E35188930C80036452F /* UIKit.framework in Frameworks */,
				8BC53E34188930C80036452F /* Foundation.framework in Frameworks */,
			);
			runOnlyForDeploymentPostprocessing = 0;
		};
/* End PBXFrameworksBuildPhase section */

/* Begin PBXGroup section */
		8B94AF3918926B310004C798 /* assets */ = {
			isa = PBXGroup;
			children = (
				8B554AE11894B0D100FE49D9 /* 256@2x.png */,
				8B94AF3C18926F530004C798 /* arrow2@2x.png */,
				8B94AF3A18926B940004C798 /* arrow@2x.png */,
			);
			path = assets;
			sourceTree = "<group>";
		};
		8BAC4BEB188CD06400F126B6 /* KLRefresh */ = {
			isa = PBXGroup;
			children = (
				8BAC4BEC188CD06400F126B6 /* KLRefresh.h */,
				8BAC4BED188CD06400F126B6 /* KLRefresh.m */,
				8BAC4BEE188CD06400F126B6 /* KLRefreshFooter.h */,
				8BAC4BEF188CD06400F126B6 /* KLRefreshFooter.m */,
				8BAC4BF0188CD06400F126B6 /* KLRefreshHeader.h */,
				8BAC4BF1188CD06400F126B6 /* KLRefreshHeader.m */,
			);
			name = KLRefresh;
			path = ../../KLRefresh;
			sourceTree = "<group>";
		};
		8BC53E0D188930C80036452F = {
			isa = PBXGroup;
			children = (
				8BC53E1F188930C80036452F /* KLRefreshDemo */,
				8BC53E38188930C80036452F /* KLRefreshDemoTests */,
				8BC53E18188930C80036452F /* Frameworks */,
				8BC53E17188930C80036452F /* Products */,
			);
			sourceTree = "<group>";
		};
		8BC53E17188930C80036452F /* Products */ = {
			isa = PBXGroup;
			children = (
				8BC53E16188930C80036452F /* KLRefreshDemo.app */,
				8BC53E31188930C80036452F /* KLRefreshDemoTests.xctest */,
			);
			name = Products;
			sourceTree = "<group>";
		};
		8BC53E18188930C80036452F /* Frameworks */ = {
			isa = PBXGroup;
			children = (
				8BC53E19188930C80036452F /* Foundation.framework */,
				8BC53E1B188930C80036452F /* CoreGraphics.framework */,
				8BC53E1D188930C80036452F /* UIKit.framework */,
				8BC53E32188930C80036452F /* XCTest.framework */,
			);
			name = Frameworks;
			sourceTree = "<group>";
		};
		8BC53E1F188930C80036452F /* KLRefreshDemo */ = {
			isa = PBXGroup;
			children = (
				8B94AF3918926B310004C798 /* assets */,
				8BAC4BEB188CD06400F126B6 /* KLRefresh */,
				8BC53E4F188930E00036452F /* KLRefreshViewController.h */,
				8BC53E50188930E00036452F /* KLRefreshViewController.m */,
				8BC53E28188930C80036452F /* KLAppDelegate.h */,
				8BC53E29188930C80036452F /* KLAppDelegate.m */,
				8BC53E2B188930C80036452F /* Images.xcassets */,
				8BC53E20188930C80036452F /* Supporting Files */,
			);
			path = KLRefreshDemo;
			sourceTree = "<group>";
		};
		8BC53E20188930C80036452F /* Supporting Files */ = {
			isa = PBXGroup;
			children = (
				8BC53E21188930C80036452F /* KLRefreshDemo-Info.plist */,
				8BC53E22188930C80036452F /* InfoPlist.strings */,
				8BC53E25188930C80036452F /* main.m */,
				8BC53E27188930C80036452F /* KLRefreshDemo-Prefix.pch */,
			);
			name = "Supporting Files";
			sourceTree = "<group>";
		};
		8BC53E38188930C80036452F /* KLRefreshDemoTests */ = {
			isa = PBXGroup;
			children = (
				8BC53E3E188930C80036452F /* KLRefreshDemoTests.m */,
				8BC53E39188930C80036452F /* Supporting Files */,
			);
			path = KLRefreshDemoTests;
			sourceTree = "<group>";
		};
		8BC53E39188930C80036452F /* Supporting Files */ = {
			isa = PBXGroup;
			children = (
				8BC53E3A188930C80036452F /* KLRefreshDemoTests-Info.plist */,
				8BC53E3B188930C80036452F /* InfoPlist.strings */,
			);
			name = "Supporting Files";
			sourceTree = "<group>";
		};
/* End PBXGroup section */

/* Begin PBXNativeTarget section */
		8BC53E15188930C80036452F /* KLRefreshDemo */ = {
			isa = PBXNativeTarget;
			buildConfigurationList = 8BC53E42188930C80036452F /* Build configuration list for PBXNativeTarget "KLRefreshDemo" */;
			buildPhases = (
				8BC53E12188930C80036452F /* Sources */,
				8BC53E13188930C80036452F /* Frameworks */,
				8BC53E14188930C80036452F /* Resources */,
			);
			buildRules = (
			);
			dependencies = (
			);
			name = KLRefreshDemo;
			productName = KLRefreshDemo;
			productReference = 8BC53E16188930C80036452F /* KLRefreshDemo.app */;
			productType = "com.apple.product-type.application";
		};
		8BC53E30188930C80036452F /* KLRefreshDemoTests */ = {
			isa = PBXNativeTarget;
			buildConfigurationList = 8BC53E45188930C80036452F /* Build configuration list for PBXNativeTarget "KLRefreshDemoTests" */;
			buildPhases = (
				8BC53E2D188930C80036452F /* Sources */,
				8BC53E2E188930C80036452F /* Frameworks */,
				8BC53E2F188930C80036452F /* Resources */,
			);
			buildRules = (
			);
			dependencies = (
				8BC53E37188930C80036452F /* PBXTargetDependency */,
			);
			name = KLRefreshDemoTests;
			productName = KLRefreshDemoTests;
			productReference = 8BC53E31188930C80036452F /* KLRefreshDemoTests.xctest */;
			productType = "com.apple.product-type.bundle.unit-test";
		};
/* End PBXNativeTarget section */

/* Begin PBXProject section */
		8BC53E0E188930C80036452F /* Project object */ = {
			isa = PBXProject;
			attributes = {
				CLASSPREFIX = KL;
				LastUpgradeCheck = 0500;
				ORGANIZATIONNAME = Glen;
				TargetAttributes = {
					8BC53E30188930C80036452F = {
						TestTargetID = 8BC53E15188930C80036452F;
					};
				};
			};
			buildConfigurationList = 8BC53E11188930C80036452F /* Build configuration list for PBXProject "KLRefreshDemo" */;
			compatibilityVersion = "Xcode 3.2";
			developmentRegion = English;
			hasScannedForEncodings = 0;
			knownRegions = (
				en,
			);
			mainGroup = 8BC53E0D188930C80036452F;
			productRefGroup = 8BC53E17188930C80036452F /* Products */;
			projectDirPath = "";
			projectRoot = "";
			targets = (
				8BC53E15188930C80036452F /* KLRefreshDemo */,
				8BC53E30188930C80036452F /* KLRefreshDemoTests */,
			);
		};
/* End PBXProject section */

/* Begin PBXResourcesBuildPhase section */
		8BC53E14188930C80036452F /* Resources */ = {
			isa = PBXResourcesBuildPhase;
			buildActionMask = 2147483647;
			files = (
				8B94AF3B18926B940004C798 /* arrow@2x.png in Resources */,
				8BC53E24188930C80036452F /* InfoPlist.strings in Resources */,
				8BC53E2C188930C80036452F /* Images.xcassets in Resources */,
				8B554AE21894B0D100FE49D9 /* 256@2x.png in Resources */,
				8B94AF3D18926F530004C798 /* arrow2@2x.png in Resources */,
			);
			runOnlyForDeploymentPostprocessing = 0;
		};
		8BC53E2F188930C80036452F /* Resources */ = {
			isa = PBXResourcesBuildPhase;
			buildActionMask = 2147483647;
			files = (
				8BC53E3D188930C80036452F /* InfoPlist.strings in Resources */,
			);
			runOnlyForDeploymentPostprocessing = 0;
		};
/* End PBXResourcesBuildPhase section */

/* Begin PBXSourcesBuildPhase section */
		8BC53E12188930C80036452F /* Sources */ = {
			isa = PBXSourcesBuildPhase;
			buildActionMask = 2147483647;
			files = (
				8BAC4BF3188CD06400F126B6 /* KLRefreshFooter.m in Sources */,
				8BAC4BF4188CD06400F126B6 /* KLRefreshHeader.m in Sources */,
				8BAC4BF2188CD06400F126B6 /* KLRefresh.m in Sources */,
				8BC53E54188930E00036452F /* KLRefreshViewController.m in Sources */,
				8BC53E26188930C80036452F /* main.m in Sources */,
				8BC53E2A188930C80036452F /* KLAppDelegate.m in Sources */,
			);
			runOnlyForDeploymentPostprocessing = 0;
		};
		8BC53E2D188930C80036452F /* Sources */ = {
			isa = PBXSourcesBuildPhase;
			buildActionMask = 2147483647;
			files = (
				8BC53E3F188930C80036452F /* KLRefreshDemoTests.m in Sources */,
			);
			runOnlyForDeploymentPostprocessing = 0;
		};
/* End PBXSourcesBuildPhase section */

/* Begin PBXTargetDependency section */
		8BC53E37188930C80036452F /* PBXTargetDependency */ = {
			isa = PBXTargetDependency;
			target = 8BC53E15188930C80036452F /* KLRefreshDemo */;
			targetProxy = 8BC53E36188930C80036452F /* PBXContainerItemProxy */;
		};
/* End PBXTargetDependency section */

/* Begin PBXVariantGroup section */
		8BC53E22188930C80036452F /* InfoPlist.strings */ = {
			isa = PBXVariantGroup;
			children = (
				8BC53E23188930C80036452F /* en */,
			);
			name = InfoPlist.strings;
			sourceTree = "<group>";
		};
		8BC53E3B188930C80036452F /* InfoPlist.strings */ = {
			isa = PBXVariantGroup;
			children = (
				8BC53E3C188930C80036452F /* en */,
			);
			name = InfoPlist.strings;
			sourceTree = "<group>";
		};
/* End PBXVariantGroup section */

/* Begin XCBuildConfiguration section */
		8BC53E40188930C80036452F /* Debug */ = {
			isa = XCBuildConfiguration;
			buildSettings = {
				ALWAYS_SEARCH_USER_PATHS = NO;
				ARCHS = "$(ARCHS_STANDARD_INCLUDING_64_BIT)";
				CLANG_CXX_LANGUAGE_STANDARD = "gnu++0x";
				CLANG_CXX_LIBRARY = "libc++";
				CLANG_ENABLE_MODULES = YES;
				CLANG_ENABLE_OBJC_ARC = YES;
				CLANG_WARN_BOOL_CONVERSION = YES;
				CLANG_WARN_CONSTANT_CONVERSION = YES;
				CLANG_WARN_DIRECT_OBJC_ISA_USAGE = YES_ERROR;
				CLANG_WARN_EMPTY_BODY = YES;
				CLANG_WARN_ENUM_CONVERSION = YES;
				CLANG_WARN_INT_CONVERSION = YES;
				CLANG_WARN_OBJC_ROOT_CLASS = YES_ERROR;
				CLANG_WARN__DUPLICATE_METHOD_MATCH = YES;
				"CODE_SIGN_IDENTITY[sdk=iphoneos*]" = "iPhone Developer";
				COPY_PHASE_STRIP = NO;
				GCC_C_LANGUAGE_STANDARD = gnu99;
				GCC_DYNAMIC_NO_PIC = NO;
				GCC_OPTIMIZATION_LEVEL = 0;
				GCC_PREPROCESSOR_DEFINITIONS = (
					"DEBUG=1",
					"$(inherited)",
				);
				GCC_SYMBOLS_PRIVATE_EXTERN = NO;
				GCC_WARN_64_TO_32_BIT_CONVERSION = YES;
				GCC_WARN_ABOUT_RETURN_TYPE = YES_ERROR;
				GCC_WARN_UNDECLARED_SELECTOR = YES;
				GCC_WARN_UNINITIALIZED_AUTOS = YES;
				GCC_WARN_UNUSED_FUNCTION = YES;
				GCC_WARN_UNUSED_VARIABLE = YES;
				IPHONEOS_DEPLOYMENT_TARGET = 7.0;
				ONLY_ACTIVE_ARCH = YES;
				SDKROOT = iphoneos;
			};
			name = Debug;
		};
		8BC53E41188930C80036452F /* Release */ = {
			isa = XCBuildConfiguration;
			buildSettings = {
				ALWAYS_SEARCH_USER_PATHS = NO;
				ARCHS = "$(ARCHS_STANDARD_INCLUDING_64_BIT)";
				CLANG_CXX_LANGUAGE_STANDARD = "gnu++0x";
				CLANG_CXX_LIBRARY = "libc++";
				CLANG_ENABLE_MODULES = YES;
				CLANG_ENABLE_OBJC_ARC = YES;
				CLANG_WARN_BOOL_CONVERSION = YES;
				CLANG_WARN_CONSTANT_CONVERSION = YES;
				CLANG_WARN_DIRECT_OBJC_ISA_USAGE = YES_ERROR;
				CLANG_WARN_EMPTY_BODY = YES;
				CLANG_WARN_ENUM_CONVERSION = YES;
				CLANG_WARN_INT_CONVERSION = YES;
				CLANG_WARN_OBJC_ROOT_CLASS = YES_ERROR;
				CLANG_WARN__DUPLICATE_METHOD_MATCH = YES;
				"CODE_SIGN_IDENTITY[sdk=iphoneos*]" = "iPhone Developer";
				COPY_PHASE_STRIP = YES;
				ENABLE_NS_ASSERTIONS = NO;
				GCC_C_LANGUAGE_STANDARD = gnu99;
				GCC_WARN_64_TO_32_BIT_CONVERSION = YES;
				GCC_WARN_ABOUT_RETURN_TYPE = YES_ERROR;
				GCC_WARN_UNDECLARED_SELECTOR = YES;
				GCC_WARN_UNINITIALIZED_AUTOS = YES;
				GCC_WARN_UNUSED_FUNCTION = YES;
				GCC_WARN_UNUSED_VARIABLE = YES;
				IPHONEOS_DEPLOYMENT_TARGET = 7.0;
				SDKROOT = iphoneos;
				VALIDATE_PRODUCT = YES;
			};
			name = Release;
		};
		8BC53E43188930C80036452F /* Debug */ = {
			isa = XCBuildConfiguration;
			buildSettings = {
				ASSETCATALOG_COMPILER_APPICON_NAME = AppIcon;
				ASSETCATALOG_COMPILER_LAUNCHIMAGE_NAME = LaunchImage;
				GCC_PRECOMPILE_PREFIX_HEADER = YES;
				GCC_PREFIX_HEADER = "KLRefreshDemo/KLRefreshDemo-Prefix.pch";
				INFOPLIST_FILE = "KLRefreshDemo/KLRefreshDemo-Info.plist";
				IPHONEOS_DEPLOYMENT_TARGET = 6.1;
				PRODUCT_NAME = "$(TARGET_NAME)";
				WRAPPER_EXTENSION = app;
			};
			name = Debug;
		};
		8BC53E44188930C80036452F /* Release */ = {
			isa = XCBuildConfiguration;
			buildSettings = {
				ASSETCATALOG_COMPILER_APPICON_NAME = AppIcon;
				ASSETCATALOG_COMPILER_LAUNCHIMAGE_NAME = LaunchImage;
				GCC_PRECOMPILE_PREFIX_HEADER = YES;
				GCC_PREFIX_HEADER = "KLRefreshDemo/KLRefreshDemo-Prefix.pch";
				INFOPLIST_FILE = "KLRefreshDemo/KLRefreshDemo-Info.plist";
				IPHONEOS_DEPLOYMENT_TARGET = 6.1;
				PRODUCT_NAME = "$(TARGET_NAME)";
				WRAPPER_EXTENSION = app;
			};
			name = Release;
		};
		8BC53E46188930C80036452F /* Debug */ = {
			isa = XCBuildConfiguration;
			buildSettings = {
				ARCHS = "$(ARCHS_STANDARD_INCLUDING_64_BIT)";
				BUNDLE_LOADER = "$(BUILT_PRODUCTS_DIR)/KLRefreshDemo.app/KLRefreshDemo";
				FRAMEWORK_SEARCH_PATHS = (
					"$(SDKROOT)/Developer/Library/Frameworks",
					"$(inherited)",
					"$(DEVELOPER_FRAMEWORKS_DIR)",
				);
				GCC_PRECOMPILE_PREFIX_HEADER = YES;
				GCC_PREFIX_HEADER = "KLRefreshDemo/KLRefreshDemo-Prefix.pch";
				GCC_PREPROCESSOR_DEFINITIONS = (
					"DEBUG=1",
					"$(inherited)",
				);
				INFOPLIST_FILE = "KLRefreshDemoTests/KLRefreshDemoTests-Info.plist";
				PRODUCT_NAME = "$(TARGET_NAME)";
				TEST_HOST = "$(BUNDLE_LOADER)";
				WRAPPER_EXTENSION = xctest;
			};
			name = Debug;
		};
		8BC53E47188930C80036452F /* Release */ = {
			isa = XCBuildConfiguration;
			buildSettings = {
				ARCHS = "$(ARCHS_STANDARD_INCLUDING_64_BIT)";
				BUNDLE_LOADER = "$(BUILT_PRODUCTS_DIR)/KLRefreshDemo.app/KLRefreshDemo";
				FRAMEWORK_SEARCH_PATHS = (
					"$(SDKROOT)/Developer/Library/Frameworks",
					"$(inherited)",
					"$(DEVELOPER_FRAMEWORKS_DIR)",
				);
				GCC_PRECOMPILE_PREFIX_HEADER = YES;
				GCC_PREFIX_HEADER = "KLRefreshDemo/KLRefreshDemo-Prefix.pch";
				INFOPLIST_FILE = "KLRefreshDemoTests/KLRefreshDemoTests-Info.plist";
				PRODUCT_NAME = "$(TARGET_NAME)";
				TEST_HOST = "$(BUNDLE_LOADER)";
				WRAPPER_EXTENSION = xctest;
			};
			name = Release;
		};
/* End XCBuildConfiguration section */

/* Begin XCConfigurationList section */
		8BC53E11188930C80036452F /* Build configuration list for PBXProject "KLRefreshDemo" */ = {
			isa = XCConfigurationList;
			buildConfigurations = (
				8BC53E40188930C80036452F /* Debug */,
				8BC53E41188930C80036452F /* Release */,
			);
			defaultConfigurationIsVisible = 0;
			defaultConfigurationName = Release;
		};
		8BC53E42188930C80036452F /* Build configuration list for PBXNativeTarget "KLRefreshDemo" */ = {
			isa = XCConfigurationList;
			buildConfigurations = (
				8BC53E43188930C80036452F /* Debug */,
				8BC53E44188930C80036452F /* Release */,
			);
			defaultConfigurationIsVisible = 0;
			defaultConfigurationName = Release;
		};
		8BC53E45188930C80036452F /* Build configuration list for PBXNativeTarget "KLRefreshDemoTests" */ = {
			isa = XCConfigurationList;
			buildConfigurations = (
				8BC53E46188930C80036452F /* Debug */,
				8BC53E47188930C80036452F /* Release */,
			);
			defaultConfigurationIsVisible = 0;
			defaultConfigurationName = Release;
		};
/* End XCConfigurationList section */
	};
	rootObject = 8BC53E0E188930C80036452F /* Project object */;
}
